schema: '2.0'
stages:
  preprocess:
    cmd: python src/data_preprocessing.py
    deps:
    - path: data/raw/raw.csv
      hash: md5
      md5: 448de498a9f801b2a2f00c733ae192f5
      size: 310056916
    - path: src/data_preprocessing.py
      hash: md5
      md5: 54eb036eccafcb360abfe7a103cdc605
      size: 3395
    params:
      params.yaml:
        data:
          raw_path: data/raw/raw.csv
          processed_path: data/processed/raw_processed.csv
          features:
          - cpu_request
          - mem_request
          - cpu_limit
          - mem_limit
          - runtime_minutes
          - controller_kind
          target: cpu_usage
        preprocessing:
          test_size: 0.2
          random_state: 42
          categorical_columns:
          - controller_kind
    outs:
    - path: data/processed/processed_data.pkl
      hash: md5
      md5: 41dec89dd1c056a1043d3a4f9e9b95a4
      size: 15906655
  train:
    cmd: python src/training.py
    deps:
    - path: data/processed/processed_data.pkl
      hash: md5
      md5: 41dec89dd1c056a1043d3a4f9e9b95a4
      size: 15906655
    - path: src/training.py
      hash: md5
      md5: 0f33d25181f45a6cbed951fc6b147fb3
      size: 4932
    params:
      params.yaml:
        data:
          raw_path: data/raw/raw.csv
          processed_path: data/processed/raw_processed.csv
          features:
          - cpu_request
          - mem_request
          - cpu_limit
          - mem_limit
          - runtime_minutes
          - controller_kind
          target: cpu_usage
        model:
          name: xgboost
          xgboost:
            n_estimators: 100
            max_depth: 6
            learning_rate: 0.1
            subsample: 0.8
            colsample_bytree: 0.8
            random_state: 42
          lightgbm:
            n_estimators: 100
            max_depth: 8
            learning_rate: 0.05
            num_leaves: 31
            subsample: 0.8
            colsample_bytree: 0.8
            random_state: 42
          random_forest:
            n_estimators: 100
            max_depth: 15
            min_samples_split: 2
            min_samples_leaf: 1
            random_state: 42
    outs:
    - path: metrics/training/xgboost_metrics.json
      hash: md5
      md5: 76db5ce3fefcc8d360693a4cc35e1285
      size: 448
    - path: models/xgboost_model.pkl
      hash: md5
      md5: c5c8c1daaba2a4b156d0ab0f1f5e2816
      size: 375404
  evaluate:
    cmd: python src/evaluation.py
    deps:
    - path: models/xgboost_model.pkl
      hash: md5
      md5: c5c8c1daaba2a4b156d0ab0f1f5e2816
      size: 375404
    - path: src/evaluation.py
      hash: md5
      md5: b8836e69e8be2def010ab49e9de83d6c
      size: 10419
    outs:
    - path: metrics/evaluation/xgboost_evaluation.json
      hash: md5
      md5: 3ed5c1fba9e77877c4ea5ac95e68b479
      size: 154
    - path: metrics/plots/xgboost
      hash: md5
      md5: 40b5acf4dbd1cc12dcdce35bc79818f0.dir
      size: 604618
      nfiles: 4
  save_comparison:
    cmd: python src/save_comparison.py
    deps:
    - path: metrics/evaluation/lightgbm_evaluation.json
      hash: md5
      md5: 80e2422f30b6255d874db222201cd154
      size: 154
    - path: metrics/evaluation/random_forest_evaluation.json
      hash: md5
      md5: c24a82fa96ba1a4c78ff96b197d06a6b
      size: 160
    - path: metrics/evaluation/xgboost_evaluation.json
      hash: md5
      md5: 3ed5c1fba9e77877c4ea5ac95e68b479
      size: 154
    - path: src/save_comparison.py
      hash: md5
      md5: fcf42d9d7182b91d14cc649f736aad62
      size: 2345
    outs:
    - path: metrics/comparison/final_model_comparison.csv
      hash: md5
      md5: dcd8222720559e5b33f67ef31a68bf9e
      size: 340
    - path: metrics/comparison/final_model_comparison.json
      hash: md5
      md5: d2ffee26a67ca2fba1dba6ed384bb2fa
      size: 1456
