schema: '2.0'
stages:
  preprocess:
    cmd: python src/data_preprocessing.py
    deps:
    - path: data/raw/raw.csv
      hash: md5
      md5: 448de498a9f801b2a2f00c733ae192f5
      size: 310056916
      isexec: true
    - path: src/data_preprocessing.py
      hash: md5
      md5: ead8e3e33c8d1932713c363550f58c62
      size: 4456
      isexec: true
    params:
      params.yaml:
        data:
          features:
          - cpu_request
          - mem_request
          - cpu_limit
          - mem_limit
          - runtime_minutes
          - controller_kind
          processed_path: data/processed/raw_processed.csv
          raw_path: data/raw/raw.csv
          target: cpu_usage
        preprocessing:
          categorical_columns:
          - controller_kind
          random_state: 42
          test_size: 0.2
    outs:
    - path: data/processed/processed_data.pkl
      hash: md5
      md5: e02b1f60aebd18696d1f952ac8b57682
      size: 15906715
      isexec: true
    - path: models/label_encoder.pkl
      hash: md5
      md5: d7d2db561f29d2326035862459663e00
      size: 485
      isexec: true
    - path: models/scaler.pkl
      hash: md5
      md5: 5e6a5bec1cb38d2b84e28309c392d251
      size: 1039
      isexec: true
  train:
    cmd: python src/training.py
    deps:
    - path: data/processed/processed_data.pkl
      hash: md5
      md5: e02b1f60aebd18696d1f952ac8b57682
      size: 15906715
      isexec: true
    - path: src/training.py
      hash: md5
      md5: 427d755a7bcc9be37ca31ed45f35dd3e
      size: 4828
      isexec: true
    params:
      params.yaml:
        data:
          features:
          - cpu_request
          - mem_request
          - cpu_limit
          - mem_limit
          - runtime_minutes
          - controller_kind
          processed_path: data/processed/raw_processed.csv
          raw_path: data/raw/raw.csv
          target: cpu_usage
        model:
          linear_regression:
            copy_X: true
            fit_intercept: true
            n_jobs:
            positive: false
          name: linear_regression
          random_forest:
            max_depth: 15
            min_samples_leaf: 1
            min_samples_split: 2
            n_estimators: 100
            random_state: 42
          xgboost:
            colsample_bytree: 0.8
            learning_rate: 0.1
            max_depth: 6
            n_estimators: 100
            random_state: 42
            subsample: 0.8
    outs:
    - path: metrics/training/linear_regression_metrics.json
      hash: md5
      md5: 5cfb7fe158f8763ee47f16ea8f332b61
      size: 380
      isexec: true
    - path: models/linear_regression_model.pkl
      hash: md5
      md5: 33ec558cec66f6adf7909f529e417c96
      size: 1001
      isexec: true
  evaluate:
    cmd: python src/evaluation.py
    deps:
    - path: models/linear_regression_model.pkl
      hash: md5
      md5: 33ec558cec66f6adf7909f529e417c96
      size: 1001
      isexec: true
    - path: src/evaluation.py
      hash: md5
      md5: cd7709d001b8c513205b79c7381c5c89
      size: 12326
      isexec: true
    outs:
    - path: metrics/evaluation/linear_regression_evaluation.json
      hash: md5
      md5: 864976b72f16a3fafcd59795fe9e8bc9
      size: 156
      isexec: true
    - path: metrics/plots/linear_regression
      hash: md5
      md5: fc2bf3bb8c49ac298d86bf0a732b675a.dir
      size: 614390
      nfiles: 4
  save_comparison:
    cmd: python src/save_comparison.py
    deps:
    - path: metrics/evaluation/lightgbm_evaluation.json
      hash: md5
      md5: 80e2422f30b6255d874db222201cd154
      size: 154
    - path: metrics/evaluation/random_forest_evaluation.json
      hash: md5
      md5: c24a82fa96ba1a4c78ff96b197d06a6b
      size: 160
    - path: metrics/evaluation/xgboost_evaluation.json
      hash: md5
      md5: 3ed5c1fba9e77877c4ea5ac95e68b479
      size: 154
    - path: src/save_comparison.py
      hash: md5
      md5: fcf42d9d7182b91d14cc649f736aad62
      size: 2345
    outs:
    - path: metrics/comparison/final_model_comparison.csv
      hash: md5
      md5: dcd8222720559e5b33f67ef31a68bf9e
      size: 340
    - path: metrics/comparison/final_model_comparison.json
      hash: md5
      md5: d2ffee26a67ca2fba1dba6ed384bb2fa
      size: 1456
